
Microsoft Visual Studio Solution File, Format Version 12.00
# Visual Studio Version 17
VisualStudioVersion = 17.14.36127.28 d17.14
MinimumVisualStudioVersion = 10.0.40219.1
Project("{FAE04EC0-301F-11D3-BF4B-00C04F79EFBC}") = "DocumentServices", "DocumentServices\DocumentServices.csproj", "{051148A6-5E0F-4D23-98B7-2E9503EED397}"
EndProject
Global
	GlobalSection(SolutionConfigurationPlatforms) = preSolution
		Debug|Any CPU = Debug|Any CPU
		Release|Any CPU = Release|Any CPU
	EndGlobalSection
	GlobalSection(ProjectConfigurationPlatforms) = postSolution
		{051148A6-5E0F-4D23-98B7-2E9503EED397}.Debug|Any CPU.ActiveCfg = Debug|Any CPU
		{051148A6-5E0F-4D23-98B7-2E9503EED397}.Debug|Any CPU.Build.0 = Debug|Any CPU
		{051148A6-5E0F-4D23-98B7-2E9503EED397}.Release|Any CPU.ActiveCfg = Release|Any CPU
		{051148A6-5E0F-4D23-98B7-2E9503EED397}.Release|Any CPU.Build.0 = Release|Any CPU
	EndGlobalSection
	GlobalSection(SolutionProperties) = preSolution
		HideSolutionNode = FALSE
	EndGlobalSection
	GlobalSection(ExtensibilityGlobals) = postSolution
		SolutionGuid = {0AC15756-D7BA-419E-9B74-F6B3558D1C98}
	EndGlobalSection
EndGlobal
